
Microsoft Visual Studio Solution File, Format Version 12.00
# Visual Studio Version 16
VisualStudioVersion = 16.0.29926.136
MinimumVisualStudioVersion = 10.0.40219.1
Project("{FAE04EC0-301F-11D3-BF4B-00C04F79EFBC}") = "ModelsLibrary", "ModelsLibrary\ModelsLibrary.csproj", "{AF79E2C0-E0BF-4C1F-8A1C-395C1ED94B4C}"
EndProject
Global
	GlobalSection(SolutionConfigurationPlatforms) = preSolution
		Debug|Any CPU = Debug|Any CPU
		Release|Any CPU = Release|Any CPU
	EndGlobalSection
	GlobalSection(ProjectConfigurationPlatforms) = postSolution
		{AF79E2C0-E0BF-4C1F-8A1C-395C1ED94B4C}.Debug|Any CPU.ActiveCfg = Debug|Any CPU
		{AF79E2C0-E0BF-4C1F-8A1C-395C1ED94B4C}.Debug|Any CPU.Build.0 = Debug|Any CPU
		{AF79E2C0-E0BF-4C1F-8A1C-395C1ED94B4C}.Release|Any CPU.ActiveCfg = Release|Any CPU
		{AF79E2C0-E0BF-4C1F-8A1C-395C1ED94B4C}.Release|Any CPU.Build.0 = Release|Any CPU
	EndGlobalSection
	GlobalSection(SolutionProperties) = preSolution
		HideSolutionNode = FALSE
	EndGlobalSection
	GlobalSection(ExtensibilityGlobals) = postSolution
		SolutionGuid = {7940CB34-F7F7-4A56-A86B-384590D74FEA}
	EndGlobalSection
EndGlobal
