
Microsoft Visual Studio Solution File, Format Version 12.00
# Visual Studio Version 16
VisualStudioVersion = 16.0.29920.165
MinimumVisualStudioVersion = 10.0.40219.1
Project("{FAE04EC0-301F-11D3-BF4B-00C04F79EFBC}") = "Login", "Login\Login.csproj", "{5820FAB8-C912-48F2-96AD-CEF9B05AE62D}"
EndProject
Global
	GlobalSection(SolutionConfigurationPlatforms) = preSolution
		Debug|Any CPU = Debug|Any CPU
		Release|Any CPU = Release|Any CPU
	EndGlobalSection
	GlobalSection(ProjectConfigurationPlatforms) = postSolution
		{5820FAB8-C912-48F2-96AD-CEF9B05AE62D}.Debug|Any CPU.ActiveCfg = Debug|Any CPU
		{5820FAB8-C912-48F2-96AD-CEF9B05AE62D}.Debug|Any CPU.Build.0 = Debug|Any CPU
		{5820FAB8-C912-48F2-96AD-CEF9B05AE62D}.Release|Any CPU.ActiveCfg = Release|Any CPU
		{5820FAB8-C912-48F2-96AD-CEF9B05AE62D}.Release|Any CPU.Build.0 = Release|Any CPU
	EndGlobalSection
	GlobalSection(SolutionProperties) = preSolution
		HideSolutionNode = FALSE
	EndGlobalSection
	GlobalSection(ExtensibilityGlobals) = postSolution
		SolutionGuid = {A73E2A59-89D8-4E1E-9218-1984185E20F5}
	EndGlobalSection
EndGlobal
